
Microsoft Visual Studio Solution File, Format Version 12.00
# Visual Studio Version 17
VisualStudioVersion = 17.3.32811.315
MinimumVisualStudioVersion = 10.0.40219.1
Project("{FAE04EC0-301F-11D3-BF4B-00C04F79EFBC}") = "Web", "Web\Web.csproj", "{03D8DC4E-92E2-4829-87F7-116092FF96C6}"
EndProject
Project("{FAE04EC0-301F-11D3-BF4B-00C04F79EFBC}") = "Data", "Data\Data.csproj", "{13218B67-40EF-438D-B106-2477C53CE022}"
EndProject
Project("{FAE04EC0-301F-11D3-BF4B-00C04F79EFBC}") = "UnitTest", "UnitTest\UnitTest.csproj", "{C31B25B5-739B-4BAA-BCD4-2EE9DBFAEADE}"
EndProject
Global
	GlobalSection(SolutionConfigurationPlatforms) = preSolution
		Debug|Any CPU = Debug|Any CPU
		Release|Any CPU = Release|Any CPU
	EndGlobalSection
	GlobalSection(ProjectConfigurationPlatforms) = postSolution
		{03D8DC4E-92E2-4829-87F7-116092FF96C6}.Debug|Any CPU.ActiveCfg = Debug|Any CPU
		{03D8DC4E-92E2-4829-87F7-116092FF96C6}.Debug|Any CPU.Build.0 = Debug|Any CPU
		{03D8DC4E-92E2-4829-87F7-116092FF96C6}.Release|Any CPU.ActiveCfg = Release|Any CPU
		{03D8DC4E-92E2-4829-87F7-116092FF96C6}.Release|Any CPU.Build.0 = Release|Any CPU
		{13218B67-40EF-438D-B106-2477C53CE022}.Debug|Any CPU.ActiveCfg = Debug|Any CPU
		{13218B67-40EF-438D-B106-2477C53CE022}.Debug|Any CPU.Build.0 = Debug|Any CPU
		{13218B67-40EF-438D-B106-2477C53CE022}.Release|Any CPU.ActiveCfg = Release|Any CPU
		{13218B67-40EF-438D-B106-2477C53CE022}.Release|Any CPU.Build.0 = Release|Any CPU
		{C31B25B5-739B-4BAA-BCD4-2EE9DBFAEADE}.Debug|Any CPU.ActiveCfg = Debug|Any CPU
		{C31B25B5-739B-4BAA-BCD4-2EE9DBFAEADE}.Debug|Any CPU.Build.0 = Debug|Any CPU
		{C31B25B5-739B-4BAA-BCD4-2EE9DBFAEADE}.Release|Any CPU.ActiveCfg = Release|Any CPU
		{C31B25B5-739B-4BAA-BCD4-2EE9DBFAEADE}.Release|Any CPU.Build.0 = Release|Any CPU
	EndGlobalSection
	GlobalSection(SolutionProperties) = preSolution
		HideSolutionNode = FALSE
	EndGlobalSection
	GlobalSection(ExtensibilityGlobals) = postSolution
		SolutionGuid = {29BD2F42-EA3F-41B4-99A8-71B68F1B2AFD}
	EndGlobalSection
EndGlobal
